<?xml version="1.0" encoding="utf-8"?>
<Project ToolsVersion="4.0" xmlns="http://schemas.microsoft.com/developer/msbuild/2003">
  <ItemGroup>
    <Filter Include="Source Files">
      <UniqueIdentifier>{4FC737F1-C7A5-4376-A066-2A32D752A2FF}</UniqueIdentifier>
      <Extensions>cpp;c;cc;cxx;c++;cppm;ixx;def;odl;idl;hpj;bat;asm;asmx</Extensions>
    </Filter>
    <Filter Include="Header Files">
      <UniqueIdentifier>{93995380-89BD-4b04-88EB-625FBE52EBFB}</UniqueIdentifier>
      <Extensions>h;hh;hpp;hxx;h++;hm;inl;inc;ipp;xsd</Extensions>
    </Filter>
    <Filter Include="Resource Files">
      <UniqueIdentifier>{67DA6AB6-F800-4c08-8B7A-83BB121AAD01}</UniqueIdentifier>
      <Extensions>rc;ico;cur;bmp;dlg;rc2;rct;bin;rgs;gif;jpg;jpeg;jpe;resx;tiff;tif;png;wav;mfcribbon-ms</Extensions>
    </Filter>
    <Filter Include="Components">
      <UniqueIdentifier>{ede34c2a-10de-42b3-900a-6db68ee2c33a}</UniqueIdentifier>
    </Filter>
    <Filter Include="Components\Characters">
      <UniqueIdentifier>{9689d2a6-3034-4fcf-a60d-24c6da9b85f8}</UniqueIdentifier>
    </Filter>
    <Filter Include="Components\Observers">
      <UniqueIdentifier>{07939d27-f063-4f2b-b6a2-3cb27dff5035}</UniqueIdentifier>
    </Filter>
    <Filter Include="Components\Menu Screens">
      <UniqueIdentifier>{0d83fce5-b819-47c8-a1f0-480355db330a}</UniqueIdentifier>
    </Filter>
    <Filter Include="Components\Player Input">
      <UniqueIdentifier>{d98d8d7b-c6f1-4bef-9963-96286ccfd580}</UniqueIdentifier>
    </Filter>
  </ItemGroup>
  <ItemGroup>
    <ClCompile Include="QBertGame.cpp">
      <Filter>Source Files</Filter>
    </ClCompile>
    <ClCompile Include="Pyramid.cpp">
      <Filter>Source Files</Filter>
    </ClCompile>
    <ClCompile Include="QBert.cpp">
      <Filter>Components\Characters</Filter>
    </ClCompile>
    <ClCompile Include="Cube.cpp">
      <Filter>Components</Filter>
    </ClCompile>
    <ClCompile Include="GameCommands.cpp">
      <Filter>Source Files</Filter>
    </ClCompile>
    <ClCompile Include="LevelSectionObserver.cpp">
      <Filter>Components\Observers</Filter>
    </ClCompile>
    <ClCompile Include="GameObserver.cpp">
      <Filter>Components\Observers</Filter>
    </ClCompile>
    <ClCompile Include="SlickSam.cpp">
      <Filter>Components\Characters</Filter>
    </ClCompile>
    <ClCompile Include="Factory.cpp">
      <Filter>Source Files</Filter>
    </ClCompile>
    <ClCompile Include="UggWrongway.cpp">
      <Filter>Components\Characters</Filter>
    </ClCompile>
    <ClCompile Include="JumpingObserver.cpp">
      <Filter>Components\Observers</Filter>
    </ClCompile>
    <ClCompile Include="LivesDisplay.cpp">
      <Filter>Components\Observers</Filter>
    </ClCompile>
    <ClCompile Include="ScoreDisplay.cpp">
      <Filter>Components\Observers</Filter>
    </ClCompile>
    <ClCompile Include="RoundLvlDisplay.cpp">
      <Filter>Components\Observers</Filter>
    </ClCompile>
    <ClCompile Include="Coily.cpp">
      <Filter>Components\Characters</Filter>
    </ClCompile>
    <ClCompile Include="Disk.cpp">
      <Filter>Components</Filter>
    </ClCompile>
    <ClCompile Include="StartScreen.cpp">
      <Filter>Components\Menu Screens</Filter>
    </ClCompile>
    <ClCompile Include="VictoryDeathScreen.cpp">
      <Filter>Components\Menu Screens</Filter>
    </ClCompile>
    <ClCompile Include="MenuScoreDisplay.cpp">
      <Filter>Components\Menu Screens</Filter>
    </ClCompile>
    <ClCompile Include="PlayerOneInput.cpp">
      <Filter>Components\Player Input</Filter>
    </ClCompile>
    <ClCompile Include="StartScreenInput.cpp">
      <Filter>Components\Player Input</Filter>
    </ClCompile>
    <ClCompile Include="VictoryDeathScreenInput.cpp">
      <Filter>Components\Player Input</Filter>
    </ClCompile>
    <ClCompile Include="PlayerTwoCoilyInput.cpp">
      <Filter>Components\Player Input</Filter>
    </ClCompile>
  </ItemGroup>
  <ItemGroup>
    <ClInclude Include="Pyramid.h">
      <Filter>Header Files</Filter>
    </ClInclude>
    <ClInclude Include="QBert.h">
      <Filter>Components\Characters</Filter>
    </ClInclude>
    <ClInclude Include="GameCommands.h">
      <Filter>Header Files</Filter>
    </ClInclude>
    <ClInclude Include="Cube.h">
      <Filter>Components</Filter>
    </ClInclude>
    <ClInclude Include="LevelSectionObserver.h">
      <Filter>Components\Observers</Filter>
    </ClInclude>
    <ClInclude Include="GameObserver.h">
      <Filter>Components\Observers</Filter>
    </ClInclude>
    <ClInclude Include="SlickSam.h">
      <Filter>Components\Characters</Filter>
    </ClInclude>
    <ClInclude Include="Factory.h">
      <Filter>Header Files</Filter>
    </ClInclude>
    <ClInclude Include="UggWrongway.h">
      <Filter>Components\Characters</Filter>
    </ClInclude>
    <ClInclude Include="JumpingObserver.h">
      <Filter>Components\Observers</Filter>
    </ClInclude>
    <ClInclude Include="LivesDisplay.h">
      <Filter>Components\Observers</Filter>
    </ClInclude>
    <ClInclude Include="ScoreDisplay.h">
      <Filter>Components\Observers</Filter>
    </ClInclude>
    <ClInclude Include="RoundLvlDisplay.h">
      <Filter>Components\Observers</Filter>
    </ClInclude>
    <ClInclude Include="Coily.h">
      <Filter>Components\Characters</Filter>
    </ClInclude>
    <ClInclude Include="Disk.h">
      <Filter>Components</Filter>
    </ClInclude>
    <ClInclude Include="StartScreen.h">
      <Filter>Components\Menu Screens</Filter>
    </ClInclude>
    <ClInclude Include="VictoryDeathScreen.h">
      <Filter>Components\Menu Screens</Filter>
    </ClInclude>
    <ClInclude Include="MenuScoreDisplay.h">
      <Filter>Components\Menu Screens</Filter>
    </ClInclude>
    <ClInclude Include="PlayerOneInput.h">
      <Filter>Components\Player Input</Filter>
    </ClInclude>
    <ClInclude Include="StartScreenInput.h">
      <Filter>Components\Player Input</Filter>
    </ClInclude>
    <ClInclude Include="VictoryDeathScreenInput.h">
      <Filter>Components\Player Input</Filter>
    </ClInclude>
    <ClInclude Include="PlayerTwoCoilyInput.h">
      <Filter>Components\Player Input</Filter>
    </ClInclude>
  </ItemGroup>
</Project>